// !$*UTF8*$!
{
	archiveVersion = 1;
	classes = {
	};
	objectVersion = 50;
	objects = {

/* Begin PBXBuildFile section */
		23053E1026EA0A36005C7CDC /* data.json in Resources */ = {isa = PBXBuildFile; fileRef = 23053E0F26EA0A36005C7CDC /* data.json */; };
		23F238FA26E66BD700652F1D /* lesson7MVVMApp.swift in Sources */ = {isa = PBXBuildFile; fileRef = 23F238F926E66BD700652F1D /* lesson7MVVMApp.swift */; };
		23F238FC26E66BD700652F1D /* ContentView.swift in Sources */ = {isa = PBXBuildFile; fileRef = 23F238FB26E66BD700652F1D /* ContentView.swift */; };
		23F238FE26E66BD800652F1D /* Assets.xcassets in Resources */ = {isa = PBXBuildFile; fileRef = 23F238FD26E66BD800652F1D /* Assets.xcassets */; };
		23F2390126E66BD800652F1D /* Preview Assets.xcassets in Resources */ = {isa = PBXBuildFile; fileRef = 23F2390026E66BD800652F1D /* Preview Assets.xcassets */; };
		23F2390C26E66CF100652F1D /* Recipe.swift in Sources */ = {isa = PBXBuildFile; fileRef = 23F2390B26E66CF100652F1D /* Recipe.swift */; };
		23F2390E26E6701200652F1D /* RecipeModel.swift in Sources */ = {isa = PBXBuildFile; fileRef = 23F2390D26E6701200652F1D /* RecipeModel.swift */; };
/* End PBXBuildFile section */

/* Begin PBXFileReference section */
		23053E0F26EA0A36005C7CDC /* data.json */ = {isa = PBXFileReference; lastKnownFileType = text.json; path = data.json; sourceTree = "<group>"; };
		23F238F626E66BD700652F1D /* lesson7MVVM.app */ = {isa = PBXFileReference; explicitFileType = wrapper.application; includeInIndex = 0; path = lesson7MVVM.app; sourceTree = BUILT_PRODUCTS_DIR; };
		23F238F926E66BD700652F1D /* lesson7MVVMApp.swift */ = {isa = PBXFileReference; lastKnownFileType = sourcecode.swift; path = lesson7MVVMApp.swift; sourceTree = "<group>"; };
		23F238FB26E66BD700652F1D /* ContentView.swift */ = {isa = PBXFileReference; lastKnownFileType = sourcecode.swift; path = ContentView.swift; sourceTree = "<group>"; };
		23F238FD26E66BD800652F1D /* Assets.xcassets */ = {isa = PBXFileReference; lastKnownFileType = folder.assetcatalog; path = Assets.xcassets; sourceTree = "<group>"; };
		23F2390026E66BD800652F1D /* Preview Assets.xcassets */ = {isa = PBXFileReference; lastKnownFileType = folder.assetcatalog; path = "Preview Assets.xcassets"; sourceTree = "<group>"; };
		23F2390226E66BD800652F1D /* Info.plist */ = {isa = PBXFileReference; lastKnownFileType = text.plist.xml; path = Info.plist; sourceTree = "<group>"; };
		23F2390B26E66CF100652F1D /* Recipe.swift */ = {isa = PBXFileReference; lastKnownFileType = sourcecode.swift; path = Recipe.swift; sourceTree = "<group>"; };
		23F2390D26E6701200652F1D /* RecipeModel.swift */ = {isa = PBXFileReference; lastKnownFileType = sourcecode.swift; path = RecipeModel.swift; sourceTree = "<group>"; };
/* End PBXFileReference section */

/* Begin PBXFrameworksBuildPhase section */
		23F238F326E66BD700652F1D /* Frameworks */ = {
			isa = PBXFrameworksBuildPhase;
			buildActionMask = 2147483647;
			files = (
			);
			runOnlyForDeploymentPostprocessing = 0;
		};
/* End PBXFrameworksBuildPhase section */

/* Begin PBXGroup section */
		23053E0E26EA09B7005C7CDC /* Data */ = {
			isa = PBXGroup;
			children = (
				23053E0F26EA0A36005C7CDC /* data.json */,
			);
			path = Data;
			sourceTree = "<group>";
		};
		23F238ED26E66BD700652F1D = {
			isa = PBXGroup;
			children = (
				23F238F826E66BD700652F1D /* lesson7MVVM */,
				23F238F726E66BD700652F1D /* Products */,
			);
			sourceTree = "<group>";
		};
		23F238F726E66BD700652F1D /* Products */ = {
			isa = PBXGroup;
			children = (
				23F238F626E66BD700652F1D /* lesson7MVVM.app */,
			);
			name = Products;
			sourceTree = "<group>";
		};
		23F238F826E66BD700652F1D /* lesson7MVVM */ = {
			isa = PBXGroup;
			children = (
				23053E0E26EA09B7005C7CDC /* Data */,
				23F238F926E66BD700652F1D /* lesson7MVVMApp.swift */,
				23F2390A26E66BF000652F1D /* ViewModels */,
				23F2390926E66BE800652F1D /* Views */,
				23F2390826E66BE300652F1D /* Models */,
				23F238FD26E66BD800652F1D /* Assets.xcassets */,
				23F2390226E66BD800652F1D /* Info.plist */,
				23F238FF26E66BD800652F1D /* Preview Content */,
			);
			path = lesson7MVVM;
			sourceTree = "<group>";
		};
		23F238FF26E66BD800652F1D /* Preview Content */ = {
			isa = PBXGroup;
			children = (
				23F2390026E66BD800652F1D /* Preview Assets.xcassets */,
			);
			path = "Preview Content";
			sourceTree = "<group>";
		};
		23F2390826E66BE300652F1D /* Models */ = {
			isa = PBXGroup;
			children = (
				23F2390B26E66CF100652F1D /* Recipe.swift */,
			);
			path = Models;
			sourceTree = "<group>";
		};
		23F2390926E66BE800652F1D /* Views */ = {
			isa = PBXGroup;
			children = (
				23F238FB26E66BD700652F1D /* ContentView.swift */,
			);
			path = Views;
			sourceTree = "<group>";
		};
		23F2390A26E66BF000652F1D /* ViewModels */ = {
			isa = PBXGroup;
			children = (
				23F2390D26E6701200652F1D /* RecipeModel.swift */,
			);
			path = ViewModels;
			sourceTree = "<group>";
		};
/* End PBXGroup section */

/* Begin PBXNativeTarget section */
		23F238F526E66BD700652F1D /* lesson7MVVM */ = {
			isa = PBXNativeTarget;
			buildConfigurationList = 23F2390526E66BD800652F1D /* Build configuration list for PBXNativeTarget "lesson7MVVM" */;
			buildPhases = (
				23F238F226E66BD700652F1D /* Sources */,
				23F238F326E66BD700652F1D /* Frameworks */,
				23F238F426E66BD700652F1D /* Resources */,
			);
			buildRules = (
			);
			dependencies = (
			);
			name = lesson7MVVM;
			productName = lesson7MVVM;
			productReference = 23F238F626E66BD700652F1D /* lesson7MVVM.app */;
			productType = "com.apple.product-type.application";
		};
/* End PBXNativeTarget section */

/* Begin PBXProject section */
		23F238EE26E66BD700652F1D /* Project object */ = {
			isa = PBXProject;
			attributes = {
				LastSwiftUpdateCheck = 1250;
				LastUpgradeCheck = 1250;
				TargetAttributes = {
					23F238F526E66BD700652F1D = {
						CreatedOnToolsVersion = 12.5.1;
					};
				};
			};
			buildConfigurationList = 23F238F126E66BD700652F1D /* Build configuration list for PBXProject "lesson7MVVM" */;
			compatibilityVersion = "Xcode 9.3";
			developmentRegion = en;
			hasScannedForEncodings = 0;
			knownRegions = (
				en,
				Base,
			);
			mainGroup = 23F238ED26E66BD700652F1D;
			productRefGroup = 23F238F726E66BD700652F1D /* Products */;
			projectDirPath = "";
			projectRoot = "";
			targets = (
				23F238F526E66BD700652F1D /* lesson7MVVM */,
			);
		};
/* End PBXProject section */

/* Begin PBXResourcesBuildPhase section */
		23F238F426E66BD700652F1D /* Resources */ = {
			isa = PBXResourcesBuildPhase;
			buildActionMask = 2147483647;
			files = (
				23F2390126E66BD800652F1D /* Preview Assets.xcassets in Resources */,
				23053E1026EA0A36005C7CDC /* data.json in Resources */,
				23F238FE26E66BD800652F1D /* Assets.xcassets in Resources */,
			);
			runOnlyForDeploymentPostprocessing = 0;
		};
/* End PBXResourcesBuildPhase section */

/* Begin PBXSourcesBuildPhase section */
		23F238F226E66BD700652F1D /* Sources */ = {
			isa = PBXSourcesBuildPhase;
			buildActionMask = 2147483647;
			files = (
				23F2390C26E66CF100652F1D /* Recipe.swift in Sources */,
				23F2390E26E6701200652F1D /* RecipeModel.swift in Sources */,
				23F238FC26E66BD700652F1D /* ContentView.swift in Sources */,
				23F238FA26E66BD700652F1D /* lesson7MVVMApp.swift in Sources */,
			);
			runOnlyForDeploymentPostprocessing = 0;
		};
/* End PBXSourcesBuildPhase section */

/* Begin XCBuildConfiguration section */
		23F2390326E66BD800652F1D /* Debug */ = {
			isa = XCBuildConfiguration;
			buildSettings = {
				ALWAYS_SEARCH_USER_PATHS = NO;
				CLANG_ANALYZER_NONNULL = YES;
				CLANG_ANALYZER_NUMBER_OBJECT_CONVERSION = YES_AGGRESSIVE;
				CLANG_CXX_LANGUAGE_STANDARD = "gnu++14";
				CLANG_CXX_LIBRARY = "libc++";
				CLANG_ENABLE_MODULES = YES;
				CLANG_ENABLE_OBJC_ARC = YES;
				CLANG_ENABLE_OBJC_WEAK = YES;
				CLANG_WARN_BLOCK_CAPTURE_AUTORELEASING = YES;
				CLANG_WARN_BOOL_CONVERSION = YES;
				CLANG_WARN_COMMA = YES;
				CLANG_WARN_CONSTANT_CONVERSION = YES;
				CLANG_WARN_DEPRECATED_OBJC_IMPLEMENTATIONS = YES;
				CLANG_WARN_DIRECT_OBJC_ISA_USAGE = YES_ERROR;
				CLANG_WARN_DOCUMENTATION_COMMENTS = YES;
				CLANG_WARN_EMPTY_BODY = YES;
				CLANG_WARN_ENUM_CONVERSION = YES;
				CLANG_WARN_INFINITE_RECURSION = YES;
				CLANG_WARN_INT_CONVERSION = YES;
				CLANG_WARN_NON_LITERAL_NULL_CONVERSION = YES;
				CLANG_WARN_OBJC_IMPLICIT_RETAIN_SELF = YES;
				CLANG_WARN_OBJC_LITERAL_CONVERSION = YES;
				CLANG_WARN_OBJC_ROOT_CLASS = YES_ERROR;
				CLANG_WARN_QUOTED_INCLUDE_IN_FRAMEWORK_HEADER = YES;
				CLANG_WARN_RANGE_LOOP_ANALYSIS = YES;
				CLANG_WARN_STRICT_PROTOTYPES = YES;
				CLANG_WARN_SUSPICIOUS_MOVE = YES;
				CLANG_WARN_UNGUARDED_AVAILABILITY = YES_AGGRESSIVE;
				CLANG_WARN_UNREACHABLE_CODE = YES;
				CLANG_WARN__DUPLICATE_METHOD_MATCH = YES;
				COPY_PHASE_STRIP = NO;
				DEBUG_INFORMATION_FORMAT = dwarf;
				ENABLE_STRICT_OBJC_MSGSEND = YES;
				ENABLE_TESTABILITY = YES;
				GCC_C_LANGUAGE_STANDARD = gnu11;
				GCC_DYNAMIC_NO_PIC = NO;
				GCC_NO_COMMON_BLOCKS = YES;
				GCC_OPTIMIZATION_LEVEL = 0;
				GCC_PREPROCESSOR_DEFINITIONS = (
					"DEBUG=1",
					"$(inherited)",
				);
				GCC_WARN_64_TO_32_BIT_CONVERSION = YES;
				GCC_WARN_ABOUT_RETURN_TYPE = YES_ERROR;
				GCC_WARN_UNDECLARED_SELECTOR = YES;
				GCC_WARN_UNINITIALIZED_AUTOS = YES_AGGRESSIVE;
				GCC_WARN_UNUSED_FUNCTION = YES;
				GCC_WARN_UNUSED_VARIABLE = YES;
				IPHONEOS_DEPLOYMENT_TARGET = 14.5;
				MTL_ENABLE_DEBUG_INFO = INCLUDE_SOURCE;
				MTL_FAST_MATH = YES;
				ONLY_ACTIVE_ARCH = YES;
				SDKROOT = iphoneos;
				SWIFT_ACTIVE_COMPILATION_CONDITIONS = DEBUG;
				SWIFT_OPTIMIZATION_LEVEL = "-Onone";
			};
			name = Debug;
		};
		23F2390426E66BD800652F1D /* Release */ = {
			isa = XCBuildConfiguration;
			buildSettings = {
				ALWAYS_SEARCH_USER_PATHS = NO;
				CLANG_ANALYZER_NONNULL = YES;
				CLANG_ANALYZER_NUMBER_OBJECT_CONVERSION = YES_AGGRESSIVE;
				CLANG_CXX_LANGUAGE_STANDARD = "gnu++14";
				CLANG_CXX_LIBRARY = "libc++";
				CLANG_ENABLE_MODULES = YES;
				CLANG_ENABLE_OBJC_ARC = YES;
				CLANG_ENABLE_OBJC_WEAK = YES;
				CLANG_WARN_BLOCK_CAPTURE_AUTORELEASING = YES;
				CLANG_WARN_BOOL_CONVERSION = YES;
				CLANG_WARN_COMMA = YES;
				CLANG_WARN_CONSTANT_CONVERSION = YES;
				CLANG_WARN_DEPRECATED_OBJC_IMPLEMENTATIONS = YES;
				CLANG_WARN_DIRECT_OBJC_ISA_USAGE = YES_ERROR;
				CLANG_WARN_DOCUMENTATION_COMMENTS = YES;
				CLANG_WARN_EMPTY_BODY = YES;
				CLANG_WARN_ENUM_CONVERSION = YES;
				CLANG_WARN_INFINITE_RECURSION = YES;
				CLANG_WARN_INT_CONVERSION = YES;
				CLANG_WARN_NON_LITERAL_NULL_CONVERSION = YES;
				CLANG_WARN_OBJC_IMPLICIT_RETAIN_SELF = YES;
				CLANG_WARN_OBJC_LITERAL_CONVERSION = YES;
				CLANG_WARN_OBJC_ROOT_CLASS = YES_ERROR;
				CLANG_WARN_QUOTED_INCLUDE_IN_FRAMEWORK_HEADER = YES;
				CLANG_WARN_RANGE_LOOP_ANALYSIS = YES;
				CLANG_WARN_STRICT_PROTOTYPES = YES;
				CLANG_WARN_SUSPICIOUS_MOVE = YES;
				CLANG_WARN_UNGUARDED_AVAILABILITY = YES_AGGRESSIVE;
				CLANG_WARN_UNREACHABLE_CODE = YES;
				CLANG_WARN__DUPLICATE_METHOD_MATCH = YES;
				COPY_PHASE_STRIP = NO;
				DEBUG_INFORMATION_FORMAT = "dwarf-with-dsym";
				ENABLE_NS_ASSERTIONS = NO;
				ENABLE_STRICT_OBJC_MSGSEND = YES;
				GCC_C_LANGUAGE_STANDARD = gnu11;
				GCC_NO_COMMON_BLOCKS = YES;
				GCC_WARN_64_TO_32_BIT_CONVERSION = YES;
				GCC_WARN_ABOUT_RETURN_TYPE = YES_ERROR;
				GCC_WARN_UNDECLARED_SELECTOR = YES;
				GCC_WARN_UNINITIALIZED_AUTOS = YES_AGGRESSIVE;
				GCC_WARN_UNUSED_FUNCTION = YES;
				GCC_WARN_UNUSED_VARIABLE = YES;
				IPHONEOS_DEPLOYMENT_TARGET = 14.5;
				MTL_ENABLE_DEBUG_INFO = NO;
				MTL_FAST_MATH = YES;
				SDKROOT = iphoneos;
				SWIFT_COMPILATION_MODE = wholemodule;
				SWIFT_OPTIMIZATION_LEVEL = "-O";
				VALIDATE_PRODUCT = YES;
			};
			name = Release;
		};
		23F2390626E66BD800652F1D /* Debug */ = {
			isa = XCBuildConfiguration;
			buildSettings = {
				ASSETCATALOG_COMPILER_APPICON_NAME = AppIcon;
				ASSETCATALOG_COMPILER_GLOBAL_ACCENT_COLOR_NAME = AccentColor;
				CODE_SIGN_STYLE = Automatic;
				DEVELOPMENT_ASSET_PATHS = "\"lesson7MVVM/Preview Content\"";
				DEVELOPMENT_TEAM = BD7Y2B4ZKU;
				ENABLE_PREVIEWS = YES;
				INFOPLIST_FILE = lesson7MVVM/Info.plist;
				IPHONEOS_DEPLOYMENT_TARGET = 14.0;
				LD_RUNPATH_SEARCH_PATHS = (
					"$(inherited)",
					"@executable_path/Frameworks",
				);
				PRODUCT_BUNDLE_IDENTIFIER = mmh.lesson7MVVM;
				PRODUCT_NAME = "$(TARGET_NAME)";
				SWIFT_VERSION = 5.0;
				TARGETED_DEVICE_FAMILY = "1,2";
			};
			name = Debug;
		};
		23F2390726E66BD800652F1D /* Release */ = {
			isa = XCBuildConfiguration;
			buildSettings = {
				ASSETCATALOG_COMPILER_APPICON_NAME = AppIcon;
				ASSETCATALOG_COMPILER_GLOBAL_ACCENT_COLOR_NAME = AccentColor;
				CODE_SIGN_STYLE = Automatic;
				DEVELOPMENT_ASSET_PATHS = "\"lesson7MVVM/Preview Content\"";
				DEVELOPMENT_TEAM = BD7Y2B4ZKU;
				ENABLE_PREVIEWS = YES;
				INFOPLIST_FILE = lesson7MVVM/Info.plist;
				IPHONEOS_DEPLOYMENT_TARGET = 14.0;
				LD_RUNPATH_SEARCH_PATHS = (
					"$(inherited)",
					"@executable_path/Frameworks",
				);
				PRODUCT_BUNDLE_IDENTIFIER = mmh.lesson7MVVM;
				PRODUCT_NAME = "$(TARGET_NAME)";
				SWIFT_VERSION = 5.0;
				TARGETED_DEVICE_FAMILY = "1,2";
			};
			name = Release;
		};
/* End XCBuildConfiguration section */

/* Begin XCConfigurationList section */
		23F238F126E66BD700652F1D /* Build configuration list for PBXProject "lesson7MVVM" */ = {
			isa = XCConfigurationList;
			buildConfigurations = (
				23F2390326E66BD800652F1D /* Debug */,
				23F2390426E66BD800652F1D /* Release */,
			);
			defaultConfigurationIsVisible = 0;
			defaultConfigurationName = Release;
		};
		23F2390526E66BD800652F1D /* Build configuration list for PBXNativeTarget "lesson7MVVM" */ = {
			isa = XCConfigurationList;
			buildConfigurations = (
				23F2390626E66BD800652F1D /* Debug */,
				23F2390726E66BD800652F1D /* Release */,
			);
			defaultConfigurationIsVisible = 0;
			defaultConfigurationName = Release;
		};
/* End XCConfigurationList section */
	};
	rootObject = 23F238EE26E66BD700652F1D /* Project object */;
}
