// !$*UTF8*$!
{
	archiveVersion = 1;
	classes = {
	};
	objectVersion = 50;
	objects = {

/* Begin PBXBuildFile section */
		23EC6B71270768E40000EF3E /* L7SwiftUIKitViewsApp.swift in Sources */ = {isa = PBXBuildFile; fileRef = 23EC6B70270768E40000EF3E /* L7SwiftUIKitViewsApp.swift */; };
		23EC6B73270768E40000EF3E /* ContentView.swift in Sources */ = {isa = PBXBuildFile; fileRef = 23EC6B72270768E40000EF3E /* ContentView.swift */; };
		23EC6B75270768E60000EF3E /* Assets.xcassets in Resources */ = {isa = PBXBuildFile; fileRef = 23EC6B74270768E60000EF3E /* Assets.xcassets */; };
		23EC6B78270768E60000EF3E /* Preview Assets.xcassets in Resources */ = {isa = PBXBuildFile; fileRef = 23EC6B77270768E60000EF3E /* Preview Assets.xcassets */; };
		23EC6B80270769120000EF3E /* MyMapView.swift in Sources */ = {isa = PBXBuildFile; fileRef = 23EC6B7F270769120000EF3E /* MyMapView.swift */; };
/* End PBXBuildFile section */

/* Begin PBXFileReference section */
		23EC6B6D270768E40000EF3E /* L7SwiftUIKitViews.app */ = {isa = PBXFileReference; explicitFileType = wrapper.application; includeInIndex = 0; path = L7SwiftUIKitViews.app; sourceTree = BUILT_PRODUCTS_DIR; };
		23EC6B70270768E40000EF3E /* L7SwiftUIKitViewsApp.swift */ = {isa = PBXFileReference; lastKnownFileType = sourcecode.swift; path = L7SwiftUIKitViewsApp.swift; sourceTree = "<group>"; };
		23EC6B72270768E40000EF3E /* ContentView.swift */ = {isa = PBXFileReference; lastKnownFileType = sourcecode.swift; path = ContentView.swift; sourceTree = "<group>"; };
		23EC6B74270768E60000EF3E /* Assets.xcassets */ = {isa = PBXFileReference; lastKnownFileType = folder.assetcatalog; path = Assets.xcassets; sourceTree = "<group>"; };
		23EC6B77270768E60000EF3E /* Preview Assets.xcassets */ = {isa = PBXFileReference; lastKnownFileType = folder.assetcatalog; path = "Preview Assets.xcassets"; sourceTree = "<group>"; };
		23EC6B79270768E60000EF3E /* Info.plist */ = {isa = PBXFileReference; lastKnownFileType = text.plist.xml; path = Info.plist; sourceTree = "<group>"; };
		23EC6B7F270769120000EF3E /* MyMapView.swift */ = {isa = PBXFileReference; lastKnownFileType = sourcecode.swift; path = MyMapView.swift; sourceTree = "<group>"; };
/* End PBXFileReference section */

/* Begin PBXFrameworksBuildPhase section */
		23EC6B6A270768E40000EF3E /* Frameworks */ = {
			isa = PBXFrameworksBuildPhase;
			buildActionMask = 2147483647;
			files = (
			);
			runOnlyForDeploymentPostprocessing = 0;
		};
/* End PBXFrameworksBuildPhase section */

/* Begin PBXGroup section */
		23EC6B64270768E40000EF3E = {
			isa = PBXGroup;
			children = (
				23EC6B6F270768E40000EF3E /* L7SwiftUIKitViews */,
				23EC6B6E270768E40000EF3E /* Products */,
			);
			sourceTree = "<group>";
		};
		23EC6B6E270768E40000EF3E /* Products */ = {
			isa = PBXGroup;
			children = (
				23EC6B6D270768E40000EF3E /* L7SwiftUIKitViews.app */,
			);
			name = Products;
			sourceTree = "<group>";
		};
		23EC6B6F270768E40000EF3E /* L7SwiftUIKitViews */ = {
			isa = PBXGroup;
			children = (
				23EC6B70270768E40000EF3E /* L7SwiftUIKitViewsApp.swift */,
				23EC6B72270768E40000EF3E /* ContentView.swift */,
				23EC6B7F270769120000EF3E /* MyMapView.swift */,
				23EC6B74270768E60000EF3E /* Assets.xcassets */,
				23EC6B79270768E60000EF3E /* Info.plist */,
				23EC6B76270768E60000EF3E /* Preview Content */,
			);
			path = L7SwiftUIKitViews;
			sourceTree = "<group>";
		};
		23EC6B76270768E60000EF3E /* Preview Content */ = {
			isa = PBXGroup;
			children = (
				23EC6B77270768E60000EF3E /* Preview Assets.xcassets */,
			);
			path = "Preview Content";
			sourceTree = "<group>";
		};
/* End PBXGroup section */

/* Begin PBXNativeTarget section */
		23EC6B6C270768E40000EF3E /* L7SwiftUIKitViews */ = {
			isa = PBXNativeTarget;
			buildConfigurationList = 23EC6B7C270768E60000EF3E /* Build configuration list for PBXNativeTarget "L7SwiftUIKitViews" */;
			buildPhases = (
				23EC6B69270768E40000EF3E /* Sources */,
				23EC6B6A270768E40000EF3E /* Frameworks */,
				23EC6B6B270768E40000EF3E /* Resources */,
			);
			buildRules = (
			);
			dependencies = (
			);
			name = L7SwiftUIKitViews;
			productName = L7SwiftUIKitViews;
			productReference = 23EC6B6D270768E40000EF3E /* L7SwiftUIKitViews.app */;
			productType = "com.apple.product-type.application";
		};
/* End PBXNativeTarget section */

/* Begin PBXProject section */
		23EC6B65270768E40000EF3E /* Project object */ = {
			isa = PBXProject;
			attributes = {
				LastSwiftUpdateCheck = 1250;
				LastUpgradeCheck = 1250;
				TargetAttributes = {
					23EC6B6C270768E40000EF3E = {
						CreatedOnToolsVersion = 12.5.1;
					};
				};
			};
			buildConfigurationList = 23EC6B68270768E40000EF3E /* Build configuration list for PBXProject "L7SwiftUIKitViews" */;
			compatibilityVersion = "Xcode 9.3";
			developmentRegion = en;
			hasScannedForEncodings = 0;
			knownRegions = (
				en,
				Base,
			);
			mainGroup = 23EC6B64270768E40000EF3E;
			productRefGroup = 23EC6B6E270768E40000EF3E /* Products */;
			projectDirPath = "";
			projectRoot = "";
			targets = (
				23EC6B6C270768E40000EF3E /* L7SwiftUIKitViews */,
			);
		};
/* End PBXProject section */

/* Begin PBXResourcesBuildPhase section */
		23EC6B6B270768E40000EF3E /* Resources */ = {
			isa = PBXResourcesBuildPhase;
			buildActionMask = 2147483647;
			files = (
				23EC6B78270768E60000EF3E /* Preview Assets.xcassets in Resources */,
				23EC6B75270768E60000EF3E /* Assets.xcassets in Resources */,
			);
			runOnlyForDeploymentPostprocessing = 0;
		};
/* End PBXResourcesBuildPhase section */

/* Begin PBXSourcesBuildPhase section */
		23EC6B69270768E40000EF3E /* Sources */ = {
			isa = PBXSourcesBuildPhase;
			buildActionMask = 2147483647;
			files = (
				23EC6B73270768E40000EF3E /* ContentView.swift in Sources */,
				23EC6B80270769120000EF3E /* MyMapView.swift in Sources */,
				23EC6B71270768E40000EF3E /* L7SwiftUIKitViewsApp.swift in Sources */,
			);
			runOnlyForDeploymentPostprocessing = 0;
		};
/* End PBXSourcesBuildPhase section */

/* Begin XCBuildConfiguration section */
		23EC6B7A270768E60000EF3E /* Debug */ = {
			isa = XCBuildConfiguration;
			buildSettings = {
				ALWAYS_SEARCH_USER_PATHS = NO;
				CLANG_ANALYZER_NONNULL = YES;
				CLANG_ANALYZER_NUMBER_OBJECT_CONVERSION = YES_AGGRESSIVE;
				CLANG_CXX_LANGUAGE_STANDARD = "gnu++14";
				CLANG_CXX_LIBRARY = "libc++";
				CLANG_ENABLE_MODULES = YES;
				CLANG_ENABLE_OBJC_ARC = YES;
				CLANG_ENABLE_OBJC_WEAK = YES;
				CLANG_WARN_BLOCK_CAPTURE_AUTORELEASING = YES;
				CLANG_WARN_BOOL_CONVERSION = YES;
				CLANG_WARN_COMMA = YES;
				CLANG_WARN_CONSTANT_CONVERSION = YES;
				CLANG_WARN_DEPRECATED_OBJC_IMPLEMENTATIONS = YES;
				CLANG_WARN_DIRECT_OBJC_ISA_USAGE = YES_ERROR;
				CLANG_WARN_DOCUMENTATION_COMMENTS = YES;
				CLANG_WARN_EMPTY_BODY = YES;
				CLANG_WARN_ENUM_CONVERSION = YES;
				CLANG_WARN_INFINITE_RECURSION = YES;
				CLANG_WARN_INT_CONVERSION = YES;
				CLANG_WARN_NON_LITERAL_NULL_CONVERSION = YES;
				CLANG_WARN_OBJC_IMPLICIT_RETAIN_SELF = YES;
				CLANG_WARN_OBJC_LITERAL_CONVERSION = YES;
				CLANG_WARN_OBJC_ROOT_CLASS = YES_ERROR;
				CLANG_WARN_QUOTED_INCLUDE_IN_FRAMEWORK_HEADER = YES;
				CLANG_WARN_RANGE_LOOP_ANALYSIS = YES;
				CLANG_WARN_STRICT_PROTOTYPES = YES;
				CLANG_WARN_SUSPICIOUS_MOVE = YES;
				CLANG_WARN_UNGUARDED_AVAILABILITY = YES_AGGRESSIVE;
				CLANG_WARN_UNREACHABLE_CODE = YES;
				CLANG_WARN__DUPLICATE_METHOD_MATCH = YES;
				COPY_PHASE_STRIP = NO;
				DEBUG_INFORMATION_FORMAT = dwarf;
				ENABLE_STRICT_OBJC_MSGSEND = YES;
				ENABLE_TESTABILITY = YES;
				GCC_C_LANGUAGE_STANDARD = gnu11;
				GCC_DYNAMIC_NO_PIC = NO;
				GCC_NO_COMMON_BLOCKS = YES;
				GCC_OPTIMIZATION_LEVEL = 0;
				GCC_PREPROCESSOR_DEFINITIONS = (
					"DEBUG=1",
					"$(inherited)",
				);
				GCC_WARN_64_TO_32_BIT_CONVERSION = YES;
				GCC_WARN_ABOUT_RETURN_TYPE = YES_ERROR;
				GCC_WARN_UNDECLARED_SELECTOR = YES;
				GCC_WARN_UNINITIALIZED_AUTOS = YES_AGGRESSIVE;
				GCC_WARN_UNUSED_FUNCTION = YES;
				GCC_WARN_UNUSED_VARIABLE = YES;
				IPHONEOS_DEPLOYMENT_TARGET = 14.5;
				MTL_ENABLE_DEBUG_INFO = INCLUDE_SOURCE;
				MTL_FAST_MATH = YES;
				ONLY_ACTIVE_ARCH = YES;
				SDKROOT = iphoneos;
				SWIFT_ACTIVE_COMPILATION_CONDITIONS = DEBUG;
				SWIFT_OPTIMIZATION_LEVEL = "-Onone";
			};
			name = Debug;
		};
		23EC6B7B270768E60000EF3E /* Release */ = {
			isa = XCBuildConfiguration;
			buildSettings = {
				ALWAYS_SEARCH_USER_PATHS = NO;
				CLANG_ANALYZER_NONNULL = YES;
				CLANG_ANALYZER_NUMBER_OBJECT_CONVERSION = YES_AGGRESSIVE;
				CLANG_CXX_LANGUAGE_STANDARD = "gnu++14";
				CLANG_CXX_LIBRARY = "libc++";
				CLANG_ENABLE_MODULES = YES;
				CLANG_ENABLE_OBJC_ARC = YES;
				CLANG_ENABLE_OBJC_WEAK = YES;
				CLANG_WARN_BLOCK_CAPTURE_AUTORELEASING = YES;
				CLANG_WARN_BOOL_CONVERSION = YES;
				CLANG_WARN_COMMA = YES;
				CLANG_WARN_CONSTANT_CONVERSION = YES;
				CLANG_WARN_DEPRECATED_OBJC_IMPLEMENTATIONS = YES;
				CLANG_WARN_DIRECT_OBJC_ISA_USAGE = YES_ERROR;
				CLANG_WARN_DOCUMENTATION_COMMENTS = YES;
				CLANG_WARN_EMPTY_BODY = YES;
				CLANG_WARN_ENUM_CONVERSION = YES;
				CLANG_WARN_INFINITE_RECURSION = YES;
				CLANG_WARN_INT_CONVERSION = YES;
				CLANG_WARN_NON_LITERAL_NULL_CONVERSION = YES;
				CLANG_WARN_OBJC_IMPLICIT_RETAIN_SELF = YES;
				CLANG_WARN_OBJC_LITERAL_CONVERSION = YES;
				CLANG_WARN_OBJC_ROOT_CLASS = YES_ERROR;
				CLANG_WARN_QUOTED_INCLUDE_IN_FRAMEWORK_HEADER = YES;
				CLANG_WARN_RANGE_LOOP_ANALYSIS = YES;
				CLANG_WARN_STRICT_PROTOTYPES = YES;
				CLANG_WARN_SUSPICIOUS_MOVE = YES;
				CLANG_WARN_UNGUARDED_AVAILABILITY = YES_AGGRESSIVE;
				CLANG_WARN_UNREACHABLE_CODE = YES;
				CLANG_WARN__DUPLICATE_METHOD_MATCH = YES;
				COPY_PHASE_STRIP = NO;
				DEBUG_INFORMATION_FORMAT = "dwarf-with-dsym";
				ENABLE_NS_ASSERTIONS = NO;
				ENABLE_STRICT_OBJC_MSGSEND = YES;
				GCC_C_LANGUAGE_STANDARD = gnu11;
				GCC_NO_COMMON_BLOCKS = YES;
				GCC_WARN_64_TO_32_BIT_CONVERSION = YES;
				GCC_WARN_ABOUT_RETURN_TYPE = YES_ERROR;
				GCC_WARN_UNDECLARED_SELECTOR = YES;
				GCC_WARN_UNINITIALIZED_AUTOS = YES_AGGRESSIVE;
				GCC_WARN_UNUSED_FUNCTION = YES;
				GCC_WARN_UNUSED_VARIABLE = YES;
				IPHONEOS_DEPLOYMENT_TARGET = 14.5;
				MTL_ENABLE_DEBUG_INFO = NO;
				MTL_FAST_MATH = YES;
				SDKROOT = iphoneos;
				SWIFT_COMPILATION_MODE = wholemodule;
				SWIFT_OPTIMIZATION_LEVEL = "-O";
				VALIDATE_PRODUCT = YES;
			};
			name = Release;
		};
		23EC6B7D270768E60000EF3E /* Debug */ = {
			isa = XCBuildConfiguration;
			buildSettings = {
				ASSETCATALOG_COMPILER_APPICON_NAME = AppIcon;
				ASSETCATALOG_COMPILER_GLOBAL_ACCENT_COLOR_NAME = AccentColor;
				CODE_SIGN_STYLE = Automatic;
				DEVELOPMENT_ASSET_PATHS = "\"L7SwiftUIKitViews/Preview Content\"";
				DEVELOPMENT_TEAM = BD7Y2B4ZKU;
				ENABLE_PREVIEWS = YES;
				INFOPLIST_FILE = L7SwiftUIKitViews/Info.plist;
				IPHONEOS_DEPLOYMENT_TARGET = 14.0;
				LD_RUNPATH_SEARCH_PATHS = (
					"$(inherited)",
					"@executable_path/Frameworks",
				);
				PRODUCT_BUNDLE_IDENTIFIER = mmh.L7SwiftUIKitViews;
				PRODUCT_NAME = "$(TARGET_NAME)";
				SWIFT_VERSION = 5.0;
				TARGETED_DEVICE_FAMILY = "1,2";
			};
			name = Debug;
		};
		23EC6B7E270768E60000EF3E /* Release */ = {
			isa = XCBuildConfiguration;
			buildSettings = {
				ASSETCATALOG_COMPILER_APPICON_NAME = AppIcon;
				ASSETCATALOG_COMPILER_GLOBAL_ACCENT_COLOR_NAME = AccentColor;
				CODE_SIGN_STYLE = Automatic;
				DEVELOPMENT_ASSET_PATHS = "\"L7SwiftUIKitViews/Preview Content\"";
				DEVELOPMENT_TEAM = BD7Y2B4ZKU;
				ENABLE_PREVIEWS = YES;
				INFOPLIST_FILE = L7SwiftUIKitViews/Info.plist;
				IPHONEOS_DEPLOYMENT_TARGET = 14.0;
				LD_RUNPATH_SEARCH_PATHS = (
					"$(inherited)",
					"@executable_path/Frameworks",
				);
				PRODUCT_BUNDLE_IDENTIFIER = mmh.L7SwiftUIKitViews;
				PRODUCT_NAME = "$(TARGET_NAME)";
				SWIFT_VERSION = 5.0;
				TARGETED_DEVICE_FAMILY = "1,2";
			};
			name = Release;
		};
/* End XCBuildConfiguration section */

/* Begin XCConfigurationList section */
		23EC6B68270768E40000EF3E /* Build configuration list for PBXProject "L7SwiftUIKitViews" */ = {
			isa = XCConfigurationList;
			buildConfigurations = (
				23EC6B7A270768E60000EF3E /* Debug */,
				23EC6B7B270768E60000EF3E /* Release */,
			);
			defaultConfigurationIsVisible = 0;
			defaultConfigurationName = Release;
		};
		23EC6B7C270768E60000EF3E /* Build configuration list for PBXNativeTarget "L7SwiftUIKitViews" */ = {
			isa = XCConfigurationList;
			buildConfigurations = (
				23EC6B7D270768E60000EF3E /* Debug */,
				23EC6B7E270768E60000EF3E /* Release */,
			);
			defaultConfigurationIsVisible = 0;
			defaultConfigurationName = Release;
		};
/* End XCConfigurationList section */
	};
	rootObject = 23EC6B65270768E40000EF3E /* Project object */;
}
